
Microsoft Visual Studio Solution File, Format Version 12.00
# Visual Studio Version 17
VisualStudioVersion = 17.4.33110.190
MinimumVisualStudioVersion = 10.0.40219.1
Project("{FAE04EC0-301F-11D3-BF4B-00C04F79EFBC}") = "Pantalla en blanco winforms", "Pantalla en blanco winforms.csproj", "{B898BA8C-18CB-45CA-B042-E1EE8EDC5EFE}"
EndProject
Global
	GlobalSection(SolutionConfigurationPlatforms) = preSolution
		Debug|Any CPU = Debug|Any CPU
		Release|Any CPU = Release|Any CPU
	EndGlobalSection
	GlobalSection(ProjectConfigurationPlatforms) = postSolution
		{B898BA8C-18CB-45CA-B042-E1EE8EDC5EFE}.Debug|Any CPU.ActiveCfg = Debug|Any CPU
		{B898BA8C-18CB-45CA-B042-E1EE8EDC5EFE}.Debug|Any CPU.Build.0 = Debug|Any CPU
		{B898BA8C-18CB-45CA-B042-E1EE8EDC5EFE}.Release|Any CPU.ActiveCfg = Release|Any CPU
		{B898BA8C-18CB-45CA-B042-E1EE8EDC5EFE}.Release|Any CPU.Build.0 = Release|Any CPU
	EndGlobalSection
	GlobalSection(SolutionProperties) = preSolution
		HideSolutionNode = FALSE
	EndGlobalSection
	GlobalSection(ExtensibilityGlobals) = postSolution
		SolutionGuid = {1D3F9B52-781C-41BF-93CF-8F087F3EFFC2}
	EndGlobalSection
EndGlobal
